
Microsoft Visual Studio Solution File, Format Version 12.00
# Visual Studio Version 17
VisualStudioVersion = 17.7.34221.43
MinimumVisualStudioVersion = 10.0.40219.1
Project("{FAE04EC0-301F-11D3-BF4B-00C04F79EFBC}") = "calculadora", "calculadora\calculadora.csproj", "{3F66687F-7362-4D4E-A933-4BC912FB1C6B}"
EndProject
Global
	GlobalSection(SolutionConfigurationPlatforms) = preSolution
		Debug|Any CPU = Debug|Any CPU
		Release|Any CPU = Release|Any CPU
	EndGlobalSection
	GlobalSection(ProjectConfigurationPlatforms) = postSolution
		{3F66687F-7362-4D4E-A933-4BC912FB1C6B}.Debug|Any CPU.ActiveCfg = Debug|Any CPU
		{3F66687F-7362-4D4E-A933-4BC912FB1C6B}.Debug|Any CPU.Build.0 = Debug|Any CPU
		{3F66687F-7362-4D4E-A933-4BC912FB1C6B}.Release|Any CPU.ActiveCfg = Release|Any CPU
		{3F66687F-7362-4D4E-A933-4BC912FB1C6B}.Release|Any CPU.Build.0 = Release|Any CPU
	EndGlobalSection
	GlobalSection(SolutionProperties) = preSolution
		HideSolutionNode = FALSE
	EndGlobalSection
	GlobalSection(ExtensibilityGlobals) = postSolution
		SolutionGuid = {908657D5-DC53-4D75-BB89-476E2826FB29}
	EndGlobalSection
EndGlobal
